<?xml version="1.0" encoding="utf-8"?>
<Project ToolsVersion="4.0" xmlns="http://schemas.microsoft.com/developer/msbuild/2003">
  <ItemGroup>
    <Filter Include="Source Files">
      <UniqueIdentifier>{4FC737F1-C7A5-4376-A066-2A32D752A2FF}</UniqueIdentifier>
      <Extensions>cpp;c;cc;cxx;c++;cppm;ixx;def;odl;idl;hpj;bat;asm;asmx</Extensions>
    </Filter>
    <Filter Include="Header Files">
      <UniqueIdentifier>{93995380-89BD-4b04-88EB-625FBE52EBFB}</UniqueIdentifier>
      <Extensions>h;hh;hpp;hxx;h++;hm;inl;inc;ipp;xsd</Extensions>
    </Filter>
    <Filter Include="Resource Files">
      <UniqueIdentifier>{67DA6AB6-F800-4c08-8B7A-83BB121AAD01}</UniqueIdentifier>
      <Extensions>rc;ico;cur;bmp;dlg;rc2;rct;bin;rgs;gif;jpg;jpeg;jpe;resx;tiff;tif;png;wav;mfcribbon-ms</Extensions>
    </Filter>
    <Filter Include="Header Files\imgui">
      <UniqueIdentifier>{4e01fd63-7aeb-4de6-bf75-38a52c96c5af}</UniqueIdentifier>
    </Filter>
    <Filter Include="Header Files\my headers">
      <UniqueIdentifier>{8cb1eb48-5350-49b0-b7d5-6d528e6921ff}</UniqueIdentifier>
    </Filter>
    <Filter Include="Header Files\my headers\Signature Scanner">
      <UniqueIdentifier>{26e3345a-0c39-493e-b28f-d66b8361d114}</UniqueIdentifier>
    </Filter>
    <Filter Include="Header Files\my headers\Offsets">
      <UniqueIdentifier>{ca592fdc-6816-46d2-a202-dfe54468c095}</UniqueIdentifier>
    </Filter>
    <Filter Include="Header Files\my headers\imgui">
      <UniqueIdentifier>{2a942da8-5d46-40ce-9d26-5b63255736b5}</UniqueIdentifier>
    </Filter>
    <Filter Include="Header Files\my headers\hacks logic">
      <UniqueIdentifier>{7bedab49-3ea9-4794-9add-c33835b02d8b}</UniqueIdentifier>
    </Filter>
  </ItemGroup>
  <ItemGroup>
    <ClInclude Include="libraries\include\imgui\imgui_impl_dx9.h">
      <Filter>Header Files\imgui</Filter>
    </ClInclude>
    <ClInclude Include="libraries\include\imgui\imgui_impl_win32.h">
      <Filter>Header Files\imgui</Filter>
    </ClInclude>
    <ClInclude Include="my headers\Offsets.h">
      <Filter>Header Files\my headers\Offsets</Filter>
    </ClInclude>
    <ClInclude Include="my headers\gets.h">
      <Filter>Header Files\my headers\Offsets</Filter>
    </ClInclude>
    <ClInclude Include="my headers\helper2.h">
      <Filter>Header Files\my headers\imgui</Filter>
    </ClInclude>
    <ClInclude Include="my headers\internaloverlay.h">
      <Filter>Header Files\my headers\imgui</Filter>
    </ClInclude>
    <ClInclude Include="my headers\helper.h">
      <Filter>Header Files\my headers\hacks logic</Filter>
    </ClInclude>
    <ClInclude Include="my headers\signature.h">
      <Filter>Header Files\my headers\Signature Scanner</Filter>
    </ClInclude>
    <ClInclude Include="my headers\aimbot.h">
      <Filter>Header Files\my headers\hacks logic</Filter>
    </ClInclude>
    <ClInclude Include="my headers\hackbools.h">
      <Filter>Header Files\my headers\imgui</Filter>
    </ClInclude>
    <ClInclude Include="my headers\readOffsetAddress.h">
      <Filter>Header Files\my headers\Signature Scanner</Filter>
    </ClInclude>
    <ClInclude Include="my headers\setOffets.h">
      <Filter>Header Files\my headers\Signature Scanner</Filter>
    </ClInclude>
    <ClInclude Include="my headers\gamefunctions.h">
      <Filter>Header Files\my headers\hacks logic</Filter>
    </ClInclude>
  </ItemGroup>
  <ItemGroup>
    <ClCompile Include="libraries\include\imgui\imgui_tables.cpp">
      <Filter>Header Files\imgui</Filter>
    </ClCompile>
    <ClCompile Include="libraries\include\imgui\imgui_widgets.cpp">
      <Filter>Header Files\imgui</Filter>
    </ClCompile>
    <ClCompile Include="libraries\include\imgui\imgui.cpp">
      <Filter>Header Files\imgui</Filter>
    </ClCompile>
    <ClCompile Include="libraries\include\imgui\imgui_demo.cpp">
      <Filter>Header Files\imgui</Filter>
    </ClCompile>
    <ClCompile Include="libraries\include\imgui\imgui_draw.cpp">
      <Filter>Header Files\imgui</Filter>
    </ClCompile>
    <ClCompile Include="dllmain.cpp">
      <Filter>Source Files</Filter>
    </ClCompile>
    <ClCompile Include="libraries\include\imgui\imgui_impl_dx9.cpp">
      <Filter>Header Files\imgui</Filter>
    </ClCompile>
    <ClCompile Include="libraries\include\imgui\imgui_impl_win32.cpp">
      <Filter>Header Files\imgui</Filter>
    </ClCompile>
  </ItemGroup>
</Project>